
Microsoft Visual Studio Solution File, Format Version 12.00
# Visual Studio Version 16
VisualStudioVersion = 16.0.34601.136
MinimumVisualStudioVersion = 10.0.40219.1
Project("{FAE04EC0-301F-11D3-BF4B-00C04F79EFBC}") = "SMEE.AOI.FTP.IPC", "SMEE.AOI.FTP.IPC\SMEE.AOI.FTP.IPC.csproj", "{5912F96A-DF21-4083-962A-A6302E5AB048}"
EndProject
Project("{FAE04EC0-301F-11D3-BF4B-00C04F79EFBC}") = "SMEE.AOI.FTP.Data", "SMEE.AOI.FTP.Data\SMEE.AOI.FTP.Data.csproj", "{3AECEB1C-200A-475B-B290-FF2F2AEEDAF8}"
EndProject
Project("{FAE04EC0-301F-11D3-BF4B-00C04F79EFBC}") = "SMEE.AOI.FTP.Service", "SMEE.AOI.FTP.Service\SMEE.AOI.FTP.Service.csproj", "{7EBA0B49-8788-4B7C-BD32-0F917759C491}"
EndProject
Project("{FAE04EC0-301F-11D3-BF4B-00C04F79EFBC}") = "SMEE.AOI.FTP.Launcher", "SMEE.AOI.FTP.Launcher\SMEE.AOI.FTP.Launcher.csproj", "{88524DFA-01AB-4CDD-96AF-8315695AED0F}"
EndProject
Project("{FAE04EC0-301F-11D3-BF4B-00C04F79EFBC}") = "SMEE.AOI.FTP.UT", "SMEE.AOI.FTP.UT\SMEE.AOI.FTP.UT.csproj", "{EFE0447A-D126-4D7E-832C-85C6C29B83B9}"
EndProject
Project("{FAE04EC0-301F-11D3-BF4B-00C04F79EFBC}") = "SMEE.AOI.FTP.UploadConsole", "SMEE.AOI.FTP.UploadConsole\SMEE.AOI.FTP.UploadConsole.csproj", "{1134E2F9-F7C5-4901-9F74-2B786DECCED9}"
EndProject
Project("{8BC9CEB8-8B4A-11D0-8D11-00A0C91BC942}") = "SMEE.AOI.FTP.ProcessStarter", "SMEE.AOI.FTP.ProcessStarter\SMEE.AOI.FTP.ProcessStarter.vcxproj", "{A797312F-25EA-4A3D-BB70-B2E17CDE0662}"
EndProject
Project("{FAE04EC0-301F-11D3-BF4B-00C04F79EFBC}") = "SMEE.AOI.FTP.DatabaseSlim", "SMEE.AOI.FTP.DatabaseSlim\SMEE.AOI.FTP.DatabaseSlim.csproj", "{883DE019-5849-43AC-8A6A-F6CC56F75A8F}"
EndProject
Project("{FAE04EC0-301F-11D3-BF4B-00C04F79EFBC}") = "SMEE.AOI.FTP.Core", "SMEE.AOI.FTP.Core\SMEE.AOI.FTP.Core.csproj", "{93A3F388-8783-4A4B-84E5-3EE29FFD7F7C}"
EndProject
Project("{FAE04EC0-301F-11D3-BF4B-00C04F79EFBC}") = "SMEE.AOI.FTP.Client", "SMEE.AOI.FTP.Client\SMEE.AOI.FTP.Client.csproj", "{8AF9E58E-A834-4B86-8EF9-E4A00F8FB208}"
EndProject
Global
	GlobalSection(SolutionConfigurationPlatforms) = preSolution
		Debug|Any CPU = Debug|Any CPU
		Debug|x64 = Debug|x64
		Debug|x86 = Debug|x86
		Release|Any CPU = Release|Any CPU
		Release|x64 = Release|x64
		Release|x86 = Release|x86
	EndGlobalSection
	GlobalSection(ProjectConfigurationPlatforms) = postSolution
		{5912F96A-DF21-4083-962A-A6302E5AB048}.Debug|Any CPU.ActiveCfg = Debug|Any CPU
		{5912F96A-DF21-4083-962A-A6302E5AB048}.Debug|Any CPU.Build.0 = Debug|Any CPU
		{5912F96A-DF21-4083-962A-A6302E5AB048}.Debug|x64.ActiveCfg = Debug|Any CPU
		{5912F96A-DF21-4083-962A-A6302E5AB048}.Debug|x64.Build.0 = Debug|Any CPU
		{5912F96A-DF21-4083-962A-A6302E5AB048}.Debug|x86.ActiveCfg = Debug|Any CPU
		{5912F96A-DF21-4083-962A-A6302E5AB048}.Debug|x86.Build.0 = Debug|Any CPU
		{5912F96A-DF21-4083-962A-A6302E5AB048}.Release|Any CPU.ActiveCfg = Release|Any CPU
		{5912F96A-DF21-4083-962A-A6302E5AB048}.Release|Any CPU.Build.0 = Release|Any CPU
		{5912F96A-DF21-4083-962A-A6302E5AB048}.Release|x64.ActiveCfg = Release|Any CPU
		{5912F96A-DF21-4083-962A-A6302E5AB048}.Release|x64.Build.0 = Release|Any CPU
		{5912F96A-DF21-4083-962A-A6302E5AB048}.Release|x86.ActiveCfg = Release|Any CPU
		{5912F96A-DF21-4083-962A-A6302E5AB048}.Release|x86.Build.0 = Release|Any CPU
		{3AECEB1C-200A-475B-B290-FF2F2AEEDAF8}.Debug|Any CPU.ActiveCfg = Debug|Any CPU
		{3AECEB1C-200A-475B-B290-FF2F2AEEDAF8}.Debug|Any CPU.Build.0 = Debug|Any CPU
		{3AECEB1C-200A-475B-B290-FF2F2AEEDAF8}.Debug|x64.ActiveCfg = Debug|Any CPU
		{3AECEB1C-200A-475B-B290-FF2F2AEEDAF8}.Debug|x64.Build.0 = Debug|Any CPU
		{3AECEB1C-200A-475B-B290-FF2F2AEEDAF8}.Debug|x86.ActiveCfg = Debug|Any CPU
		{3AECEB1C-200A-475B-B290-FF2F2AEEDAF8}.Debug|x86.Build.0 = Debug|Any CPU
		{3AECEB1C-200A-475B-B290-FF2F2AEEDAF8}.Release|Any CPU.ActiveCfg = Release|Any CPU
		{3AECEB1C-200A-475B-B290-FF2F2AEEDAF8}.Release|Any CPU.Build.0 = Release|Any CPU
		{3AECEB1C-200A-475B-B290-FF2F2AEEDAF8}.Release|x64.ActiveCfg = Release|Any CPU
		{3AECEB1C-200A-475B-B290-FF2F2AEEDAF8}.Release|x64.Build.0 = Release|Any CPU
		{3AECEB1C-200A-475B-B290-FF2F2AEEDAF8}.Release|x86.ActiveCfg = Release|Any CPU
		{3AECEB1C-200A-475B-B290-FF2F2AEEDAF8}.Release|x86.Build.0 = Release|Any CPU
		{7EBA0B49-8788-4B7C-BD32-0F917759C491}.Debug|Any CPU.ActiveCfg = Debug|Any CPU
		{7EBA0B49-8788-4B7C-BD32-0F917759C491}.Debug|Any CPU.Build.0 = Debug|Any CPU
		{7EBA0B49-8788-4B7C-BD32-0F917759C491}.Debug|x64.ActiveCfg = Debug|Any CPU
		{7EBA0B49-8788-4B7C-BD32-0F917759C491}.Debug|x64.Build.0 = Debug|Any CPU
		{7EBA0B49-8788-4B7C-BD32-0F917759C491}.Debug|x86.ActiveCfg = Debug|Any CPU
		{7EBA0B49-8788-4B7C-BD32-0F917759C491}.Debug|x86.Build.0 = Debug|Any CPU
		{7EBA0B49-8788-4B7C-BD32-0F917759C491}.Release|Any CPU.ActiveCfg = Release|Any CPU
		{7EBA0B49-8788-4B7C-BD32-0F917759C491}.Release|Any CPU.Build.0 = Release|Any CPU
		{7EBA0B49-8788-4B7C-BD32-0F917759C491}.Release|x64.ActiveCfg = Release|Any CPU
		{7EBA0B49-8788-4B7C-BD32-0F917759C491}.Release|x64.Build.0 = Release|Any CPU
		{7EBA0B49-8788-4B7C-BD32-0F917759C491}.Release|x86.ActiveCfg = Release|Any CPU
		{7EBA0B49-8788-4B7C-BD32-0F917759C491}.Release|x86.Build.0 = Release|Any CPU
		{88524DFA-01AB-4CDD-96AF-8315695AED0F}.Debug|Any CPU.ActiveCfg = Debug|Any CPU
		{88524DFA-01AB-4CDD-96AF-8315695AED0F}.Debug|Any CPU.Build.0 = Debug|Any CPU
		{88524DFA-01AB-4CDD-96AF-8315695AED0F}.Debug|x64.ActiveCfg = Debug|Any CPU
		{88524DFA-01AB-4CDD-96AF-8315695AED0F}.Debug|x64.Build.0 = Debug|Any CPU
		{88524DFA-01AB-4CDD-96AF-8315695AED0F}.Debug|x86.ActiveCfg = Debug|Any CPU
		{88524DFA-01AB-4CDD-96AF-8315695AED0F}.Debug|x86.Build.0 = Debug|Any CPU
		{88524DFA-01AB-4CDD-96AF-8315695AED0F}.Release|Any CPU.ActiveCfg = Release|Any CPU
		{88524DFA-01AB-4CDD-96AF-8315695AED0F}.Release|Any CPU.Build.0 = Release|Any CPU
		{88524DFA-01AB-4CDD-96AF-8315695AED0F}.Release|x64.ActiveCfg = Release|Any CPU
		{88524DFA-01AB-4CDD-96AF-8315695AED0F}.Release|x64.Build.0 = Release|Any CPU
		{88524DFA-01AB-4CDD-96AF-8315695AED0F}.Release|x86.ActiveCfg = Release|Any CPU
		{88524DFA-01AB-4CDD-96AF-8315695AED0F}.Release|x86.Build.0 = Release|Any CPU
		{EFE0447A-D126-4D7E-832C-85C6C29B83B9}.Debug|Any CPU.ActiveCfg = Debug|Any CPU
		{EFE0447A-D126-4D7E-832C-85C6C29B83B9}.Debug|Any CPU.Build.0 = Debug|Any CPU
		{EFE0447A-D126-4D7E-832C-85C6C29B83B9}.Debug|x64.ActiveCfg = Debug|Any CPU
		{EFE0447A-D126-4D7E-832C-85C6C29B83B9}.Debug|x64.Build.0 = Debug|Any CPU
		{EFE0447A-D126-4D7E-832C-85C6C29B83B9}.Debug|x86.ActiveCfg = Debug|Any CPU
		{EFE0447A-D126-4D7E-832C-85C6C29B83B9}.Debug|x86.Build.0 = Debug|Any CPU
		{EFE0447A-D126-4D7E-832C-85C6C29B83B9}.Release|Any CPU.ActiveCfg = Release|Any CPU
		{EFE0447A-D126-4D7E-832C-85C6C29B83B9}.Release|Any CPU.Build.0 = Release|Any CPU
		{EFE0447A-D126-4D7E-832C-85C6C29B83B9}.Release|x64.ActiveCfg = Release|Any CPU
		{EFE0447A-D126-4D7E-832C-85C6C29B83B9}.Release|x64.Build.0 = Release|Any CPU
		{EFE0447A-D126-4D7E-832C-85C6C29B83B9}.Release|x86.ActiveCfg = Release|Any CPU
		{EFE0447A-D126-4D7E-832C-85C6C29B83B9}.Release|x86.Build.0 = Release|Any CPU
		{1134E2F9-F7C5-4901-9F74-2B786DECCED9}.Debug|Any CPU.ActiveCfg = Debug|Any CPU
		{1134E2F9-F7C5-4901-9F74-2B786DECCED9}.Debug|Any CPU.Build.0 = Debug|Any CPU
		{1134E2F9-F7C5-4901-9F74-2B786DECCED9}.Debug|x64.ActiveCfg = Debug|Any CPU
		{1134E2F9-F7C5-4901-9F74-2B786DECCED9}.Debug|x64.Build.0 = Debug|Any CPU
		{1134E2F9-F7C5-4901-9F74-2B786DECCED9}.Debug|x86.ActiveCfg = Debug|Any CPU
		{1134E2F9-F7C5-4901-9F74-2B786DECCED9}.Debug|x86.Build.0 = Debug|Any CPU
		{1134E2F9-F7C5-4901-9F74-2B786DECCED9}.Release|Any CPU.ActiveCfg = Release|Any CPU
		{1134E2F9-F7C5-4901-9F74-2B786DECCED9}.Release|Any CPU.Build.0 = Release|Any CPU
		{1134E2F9-F7C5-4901-9F74-2B786DECCED9}.Release|x64.ActiveCfg = Release|Any CPU
		{1134E2F9-F7C5-4901-9F74-2B786DECCED9}.Release|x64.Build.0 = Release|Any CPU
		{1134E2F9-F7C5-4901-9F74-2B786DECCED9}.Release|x86.ActiveCfg = Release|Any CPU
		{1134E2F9-F7C5-4901-9F74-2B786DECCED9}.Release|x86.Build.0 = Release|Any CPU
		{A797312F-25EA-4A3D-BB70-B2E17CDE0662}.Debug|Any CPU.ActiveCfg = Debug|Win32
		{A797312F-25EA-4A3D-BB70-B2E17CDE0662}.Debug|Any CPU.Build.0 = Debug|Win32
		{A797312F-25EA-4A3D-BB70-B2E17CDE0662}.Debug|x64.ActiveCfg = Debug|x64
		{A797312F-25EA-4A3D-BB70-B2E17CDE0662}.Debug|x64.Build.0 = Debug|x64
		{A797312F-25EA-4A3D-BB70-B2E17CDE0662}.Debug|x86.ActiveCfg = Debug|Win32
		{A797312F-25EA-4A3D-BB70-B2E17CDE0662}.Debug|x86.Build.0 = Debug|Win32
		{A797312F-25EA-4A3D-BB70-B2E17CDE0662}.Release|Any CPU.ActiveCfg = Release|Win32
		{A797312F-25EA-4A3D-BB70-B2E17CDE0662}.Release|x64.ActiveCfg = Release|x64
		{A797312F-25EA-4A3D-BB70-B2E17CDE0662}.Release|x64.Build.0 = Release|x64
		{A797312F-25EA-4A3D-BB70-B2E17CDE0662}.Release|x86.ActiveCfg = Release|Win32
		{A797312F-25EA-4A3D-BB70-B2E17CDE0662}.Release|x86.Build.0 = Release|Win32
		{883DE019-5849-43AC-8A6A-F6CC56F75A8F}.Debug|Any CPU.ActiveCfg = Debug|Any CPU
		{883DE019-5849-43AC-8A6A-F6CC56F75A8F}.Debug|Any CPU.Build.0 = Debug|Any CPU
		{883DE019-5849-43AC-8A6A-F6CC56F75A8F}.Debug|x64.ActiveCfg = Debug|Any CPU
		{883DE019-5849-43AC-8A6A-F6CC56F75A8F}.Debug|x64.Build.0 = Debug|Any CPU
		{883DE019-5849-43AC-8A6A-F6CC56F75A8F}.Debug|x86.ActiveCfg = Debug|Any CPU
		{883DE019-5849-43AC-8A6A-F6CC56F75A8F}.Debug|x86.Build.0 = Debug|Any CPU
		{883DE019-5849-43AC-8A6A-F6CC56F75A8F}.Release|Any CPU.ActiveCfg = Release|Any CPU
		{883DE019-5849-43AC-8A6A-F6CC56F75A8F}.Release|Any CPU.Build.0 = Release|Any CPU
		{883DE019-5849-43AC-8A6A-F6CC56F75A8F}.Release|x64.ActiveCfg = Release|Any CPU
		{883DE019-5849-43AC-8A6A-F6CC56F75A8F}.Release|x64.Build.0 = Release|Any CPU
		{883DE019-5849-43AC-8A6A-F6CC56F75A8F}.Release|x86.ActiveCfg = Release|Any CPU
		{883DE019-5849-43AC-8A6A-F6CC56F75A8F}.Release|x86.Build.0 = Release|Any CPU
		{93A3F388-8783-4A4B-84E5-3EE29FFD7F7C}.Debug|Any CPU.ActiveCfg = Debug|Any CPU
		{93A3F388-8783-4A4B-84E5-3EE29FFD7F7C}.Debug|Any CPU.Build.0 = Debug|Any CPU
		{93A3F388-8783-4A4B-84E5-3EE29FFD7F7C}.Debug|x64.ActiveCfg = Debug|Any CPU
		{93A3F388-8783-4A4B-84E5-3EE29FFD7F7C}.Debug|x64.Build.0 = Debug|Any CPU
		{93A3F388-8783-4A4B-84E5-3EE29FFD7F7C}.Debug|x86.ActiveCfg = Debug|Any CPU
		{93A3F388-8783-4A4B-84E5-3EE29FFD7F7C}.Debug|x86.Build.0 = Debug|Any CPU
		{93A3F388-8783-4A4B-84E5-3EE29FFD7F7C}.Release|Any CPU.ActiveCfg = Release|Any CPU
		{93A3F388-8783-4A4B-84E5-3EE29FFD7F7C}.Release|Any CPU.Build.0 = Release|Any CPU
		{93A3F388-8783-4A4B-84E5-3EE29FFD7F7C}.Release|x64.ActiveCfg = Release|Any CPU
		{93A3F388-8783-4A4B-84E5-3EE29FFD7F7C}.Release|x64.Build.0 = Release|Any CPU
		{93A3F388-8783-4A4B-84E5-3EE29FFD7F7C}.Release|x86.ActiveCfg = Release|Any CPU
		{93A3F388-8783-4A4B-84E5-3EE29FFD7F7C}.Release|x86.Build.0 = Release|Any CPU
		{8AF9E58E-A834-4B86-8EF9-E4A00F8FB208}.Debug|Any CPU.ActiveCfg = Debug|Any CPU
		{8AF9E58E-A834-4B86-8EF9-E4A00F8FB208}.Debug|Any CPU.Build.0 = Debug|Any CPU
		{8AF9E58E-A834-4B86-8EF9-E4A00F8FB208}.Debug|x64.ActiveCfg = Debug|Any CPU
		{8AF9E58E-A834-4B86-8EF9-E4A00F8FB208}.Debug|x64.Build.0 = Debug|Any CPU
		{8AF9E58E-A834-4B86-8EF9-E4A00F8FB208}.Debug|x86.ActiveCfg = Debug|Any CPU
		{8AF9E58E-A834-4B86-8EF9-E4A00F8FB208}.Debug|x86.Build.0 = Debug|Any CPU
		{8AF9E58E-A834-4B86-8EF9-E4A00F8FB208}.Release|Any CPU.ActiveCfg = Release|Any CPU
		{8AF9E58E-A834-4B86-8EF9-E4A00F8FB208}.Release|Any CPU.Build.0 = Release|Any CPU
		{8AF9E58E-A834-4B86-8EF9-E4A00F8FB208}.Release|x64.ActiveCfg = Release|Any CPU
		{8AF9E58E-A834-4B86-8EF9-E4A00F8FB208}.Release|x64.Build.0 = Release|Any CPU
		{8AF9E58E-A834-4B86-8EF9-E4A00F8FB208}.Release|x86.ActiveCfg = Release|Any CPU
		{8AF9E58E-A834-4B86-8EF9-E4A00F8FB208}.Release|x86.Build.0 = Release|Any CPU
	EndGlobalSection
	GlobalSection(SolutionProperties) = preSolution
		HideSolutionNode = FALSE
	EndGlobalSection
	GlobalSection(ExtensibilityGlobals) = postSolution
		SolutionGuid = {93E3063A-AAAB-4249-867F-6DD0BBD388DA}
	EndGlobalSection
EndGlobal
